{
  "name": "personal-site",
  "lockfileVersion": 2,
  "requires": true,
  "packages": {
    "": {
      "dependencies": {
        "simple-icons": "^4.12.0"
      }
    },
    "node_modules/simple-icons": {
      "version": "4.12.0",
      "resolved": "https://registry.npmjs.org/simple-icons/-/simple-icons-4.12.0.tgz",
      "integrity": "sha512-7tOqXHZ8Kg/bvRykQIW5LTLresOiTjZQ7PvbqA6t/HI3TAS20ai0MT5/zCX+CLmRNVux+b+/SdWjZwGI9b/U8g=="
    }
  },
  "dependencies": {
    "simple-icons": {
      "version": "4.12.0",
      "resolved": "https://registry.npmjs.org/simple-icons/-/simple-icons-4.12.0.tgz",
      "integrity": "sha512-7tOqXHZ8Kg/bvRykQIW5LTLresOiTjZQ7PvbqA6t/HI3TAS20ai0MT5/zCX+CLmRNVux+b+/SdWjZwGI9b/U8g=="
    }
  }
}
